
Microsoft Visual Studio Solution File, Format Version 12.00
# Visual Studio Version 16
VisualStudioVersion = 16.0.31624.102
MinimumVisualStudioVersion = 10.0.40219.1
Project("{FAE04EC0-301F-11D3-BF4B-00C04F79EFBC}") = "PetActivityTrackerMVC", "PetActivityTrackerMVC\PetActivityTrackerMVC.csproj", "{84D64D65-544B-465E-AFAE-4548572AEA52}"
EndProject
Global
	GlobalSection(SolutionConfigurationPlatforms) = preSolution
		Debug|Any CPU = Debug|Any CPU
		Release|Any CPU = Release|Any CPU
	EndGlobalSection
	GlobalSection(ProjectConfigurationPlatforms) = postSolution
		{84D64D65-544B-465E-AFAE-4548572AEA52}.Debug|Any CPU.ActiveCfg = Debug|Any CPU
		{84D64D65-544B-465E-AFAE-4548572AEA52}.Debug|Any CPU.Build.0 = Debug|Any CPU
		{84D64D65-544B-465E-AFAE-4548572AEA52}.Release|Any CPU.ActiveCfg = Release|Any CPU
		{84D64D65-544B-465E-AFAE-4548572AEA52}.Release|Any CPU.Build.0 = Release|Any CPU
	EndGlobalSection
	GlobalSection(SolutionProperties) = preSolution
		HideSolutionNode = FALSE
	EndGlobalSection
	GlobalSection(ExtensibilityGlobals) = postSolution
		SolutionGuid = {20DD8B05-57FD-4880-B0C9-38E9B17591D2}
	EndGlobalSection
EndGlobal
